
Microsoft Visual Studio Solution File, Format Version 12.00
# Visual Studio Version 16
VisualStudioVersion = 16.0.809.10
MinimumVisualStudioVersion = 10.0.40219.1
Project("{2150E333-8FDC-42A3-9474-1A3956D46DE8}") = "src", "src", "{34BB76BC-A095-4932-AB0D-5DAC6B78DA72}"
EndProject
Project("{FAE04EC0-301F-11D3-BF4B-00C04F79EFBC}") = "ParkingServiceConsumer", "src\ParkingServiceConsumer\ParkingServiceConsumer.csproj", "{F81C241F-1266-49F5-858C-C75CA2470EAA}"
EndProject
Project("{2150E333-8FDC-42A3-9474-1A3956D46DE8}") = "test", "test", "{572F0CC8-4751-4CBF-BD8F-3623C57F12B2}"
EndProject
Project("{FAE04EC0-301F-11D3-BF4B-00C04F79EFBC}") = "ParkingServiceConsumerTest", "test\ParkingServiceConsumerTest\ParkingServiceConsumerTest.csproj", "{8BB52120-D09C-43E9-9321-69302B10A75D}"
EndProject
Global
	GlobalSection(SolutionProperties) = preSolution
		HideSolutionNode = FALSE
	EndGlobalSection
	GlobalSection(ExtensibilityGlobals) = postSolution
		SolutionGuid = {96886052-8178-4AB3-8B2B-D1152F562CEC}
	EndGlobalSection
	GlobalSection(SolutionConfigurationPlatforms) = preSolution
		Debug|Any CPU = Debug|Any CPU
		Debug|x64 = Debug|x64
		Debug|x86 = Debug|x86
		Release|Any CPU = Release|Any CPU
		Release|x64 = Release|x64
		Release|x86 = Release|x86
	EndGlobalSection
	GlobalSection(ProjectConfigurationPlatforms) = postSolution
		{F81C241F-1266-49F5-858C-C75CA2470EAA}.Debug|Any CPU.ActiveCfg = Debug|Any CPU
		{F81C241F-1266-49F5-858C-C75CA2470EAA}.Debug|Any CPU.Build.0 = Debug|Any CPU
		{F81C241F-1266-49F5-858C-C75CA2470EAA}.Debug|x64.ActiveCfg = Debug|Any CPU
		{F81C241F-1266-49F5-858C-C75CA2470EAA}.Debug|x64.Build.0 = Debug|Any CPU
		{F81C241F-1266-49F5-858C-C75CA2470EAA}.Debug|x86.ActiveCfg = Debug|Any CPU
		{F81C241F-1266-49F5-858C-C75CA2470EAA}.Debug|x86.Build.0 = Debug|Any CPU
		{F81C241F-1266-49F5-858C-C75CA2470EAA}.Release|Any CPU.ActiveCfg = Release|Any CPU
		{F81C241F-1266-49F5-858C-C75CA2470EAA}.Release|Any CPU.Build.0 = Release|Any CPU
		{F81C241F-1266-49F5-858C-C75CA2470EAA}.Release|x64.ActiveCfg = Release|Any CPU
		{F81C241F-1266-49F5-858C-C75CA2470EAA}.Release|x64.Build.0 = Release|Any CPU
		{F81C241F-1266-49F5-858C-C75CA2470EAA}.Release|x86.ActiveCfg = Release|Any CPU
		{F81C241F-1266-49F5-858C-C75CA2470EAA}.Release|x86.Build.0 = Release|Any CPU
		{8BB52120-D09C-43E9-9321-69302B10A75D}.Debug|Any CPU.ActiveCfg = Debug|Any CPU
		{8BB52120-D09C-43E9-9321-69302B10A75D}.Debug|Any CPU.Build.0 = Debug|Any CPU
		{8BB52120-D09C-43E9-9321-69302B10A75D}.Debug|x64.ActiveCfg = Debug|Any CPU
		{8BB52120-D09C-43E9-9321-69302B10A75D}.Debug|x64.Build.0 = Debug|Any CPU
		{8BB52120-D09C-43E9-9321-69302B10A75D}.Debug|x86.ActiveCfg = Debug|Any CPU
		{8BB52120-D09C-43E9-9321-69302B10A75D}.Debug|x86.Build.0 = Debug|Any CPU
		{8BB52120-D09C-43E9-9321-69302B10A75D}.Release|Any CPU.ActiveCfg = Release|Any CPU
		{8BB52120-D09C-43E9-9321-69302B10A75D}.Release|Any CPU.Build.0 = Release|Any CPU
		{8BB52120-D09C-43E9-9321-69302B10A75D}.Release|x64.ActiveCfg = Release|Any CPU
		{8BB52120-D09C-43E9-9321-69302B10A75D}.Release|x64.Build.0 = Release|Any CPU
		{8BB52120-D09C-43E9-9321-69302B10A75D}.Release|x86.ActiveCfg = Release|Any CPU
		{8BB52120-D09C-43E9-9321-69302B10A75D}.Release|x86.Build.0 = Release|Any CPU
	EndGlobalSection
	GlobalSection(NestedProjects) = preSolution
		{F81C241F-1266-49F5-858C-C75CA2470EAA} = {34BB76BC-A095-4932-AB0D-5DAC6B78DA72}
		{8BB52120-D09C-43E9-9321-69302B10A75D} = {572F0CC8-4751-4CBF-BD8F-3623C57F12B2}
	EndGlobalSection
EndGlobal
