
Microsoft Visual Studio Solution File, Format Version 12.00
# Visual Studio Version 16
VisualStudioVersion = 16.0.809.10
MinimumVisualStudioVersion = 10.0.40219.1
Project("{FAE04EC0-301F-11D3-BF4B-00C04F79EFBC}") = "ParkingServiceConsumer", "ParkingServiceConsumer\ParkingServiceConsumer.csproj", "{45D27958-72CA-4C46-95C9-06EBFADF7F50}"
EndProject
Global
	GlobalSection(SolutionConfigurationPlatforms) = preSolution
		Debug|Any CPU = Debug|Any CPU
		Release|Any CPU = Release|Any CPU
	EndGlobalSection
	GlobalSection(ProjectConfigurationPlatforms) = postSolution
		{45D27958-72CA-4C46-95C9-06EBFADF7F50}.Debug|Any CPU.ActiveCfg = Debug|Any CPU
		{45D27958-72CA-4C46-95C9-06EBFADF7F50}.Debug|Any CPU.Build.0 = Debug|Any CPU
		{45D27958-72CA-4C46-95C9-06EBFADF7F50}.Release|Any CPU.ActiveCfg = Release|Any CPU
		{45D27958-72CA-4C46-95C9-06EBFADF7F50}.Release|Any CPU.Build.0 = Release|Any CPU
	EndGlobalSection
	GlobalSection(SolutionProperties) = preSolution
		HideSolutionNode = FALSE
	EndGlobalSection
	GlobalSection(ExtensibilityGlobals) = postSolution
		SolutionGuid = {96886052-8178-4AB3-8B2B-D1152F562CEC}
	EndGlobalSection
EndGlobal
